
Microsoft Visual Studio Solution File, Format Version 12.00
# Visual Studio Version 17
VisualStudioVersion = 17.7.34024.191
MinimumVisualStudioVersion = 10.0.40219.1
Project("{FAE04EC0-301F-11D3-BF4B-00C04F79EFBC}") = "6_do_while_cikli-3", "6_do_while_cikli-3\6_do_while_cikli-3.csproj", "{98398716-D675-4EFD-B596-3A0A0C43A399}"
EndProject
Global
	GlobalSection(SolutionConfigurationPlatforms) = preSolution
		Debug|Any CPU = Debug|Any CPU
		Release|Any CPU = Release|Any CPU
	EndGlobalSection
	GlobalSection(ProjectConfigurationPlatforms) = postSolution
		{98398716-D675-4EFD-B596-3A0A0C43A399}.Debug|Any CPU.ActiveCfg = Debug|Any CPU
		{98398716-D675-4EFD-B596-3A0A0C43A399}.Debug|Any CPU.Build.0 = Debug|Any CPU
		{98398716-D675-4EFD-B596-3A0A0C43A399}.Release|Any CPU.ActiveCfg = Release|Any CPU
		{98398716-D675-4EFD-B596-3A0A0C43A399}.Release|Any CPU.Build.0 = Release|Any CPU
	EndGlobalSection
	GlobalSection(SolutionProperties) = preSolution
		HideSolutionNode = FALSE
	EndGlobalSection
	GlobalSection(ExtensibilityGlobals) = postSolution
		SolutionGuid = {47701B3D-D675-421D-A141-995298DBF8F2}
	EndGlobalSection
EndGlobal
